
Microsoft Visual Studio Solution File, Format Version 12.00
# Visual Studio Version 16
VisualStudioVersion = 16.0.30503.244
MinimumVisualStudioVersion = 10.0.40219.1
Project("{FAE04EC0-301F-11D3-BF4B-00C04F79EFBC}") = "classes", "classes\classes.csproj", "{3F34A8D4-BAF3-40BB-83A0-F98C5FABA4CC}"
EndProject
Global
	GlobalSection(SolutionConfigurationPlatforms) = preSolution
		Debug|Any CPU = Debug|Any CPU
		Release|Any CPU = Release|Any CPU
	EndGlobalSection
	GlobalSection(ProjectConfigurationPlatforms) = postSolution
		{3F34A8D4-BAF3-40BB-83A0-F98C5FABA4CC}.Debug|Any CPU.ActiveCfg = Debug|Any CPU
		{3F34A8D4-BAF3-40BB-83A0-F98C5FABA4CC}.Debug|Any CPU.Build.0 = Debug|Any CPU
		{3F34A8D4-BAF3-40BB-83A0-F98C5FABA4CC}.Release|Any CPU.ActiveCfg = Release|Any CPU
		{3F34A8D4-BAF3-40BB-83A0-F98C5FABA4CC}.Release|Any CPU.Build.0 = Release|Any CPU
	EndGlobalSection
	GlobalSection(SolutionProperties) = preSolution
		HideSolutionNode = FALSE
	EndGlobalSection
	GlobalSection(ExtensibilityGlobals) = postSolution
		SolutionGuid = {32485FDA-744F-40B8-BD3B-F48E0FF4AC9B}
	EndGlobalSection
EndGlobal
